
Microsoft Visual Studio Solution File, Format Version 12.00
# Visual Studio 14
VisualStudioVersion = 14.0.25123.0
MinimumVisualStudioVersion = 10.0.40219.1
Project("{FAE04EC0-301F-11D3-BF4B-00C04F79EFBC}") = "QuotesInStrings", "QuotesInStrings\QuotesInStrings.csproj", "{6388F9EB-214F-4473-BBCE-D17FF5699B40}"
EndProject
Project("{FAE04EC0-301F-11D3-BF4B-00C04F79EFBC}") = "ComparingFloats", "ComparingFloats\ComparingFloats.csproj", "{2B745AA8-8E61-44BD-99EA-20AB5CE468E4}"
EndProject
Project("{FAE04EC0-301F-11D3-BF4B-00C04F79EFBC}") = "PrinttheASCIITable", "PrinttheASCIITable\PrinttheASCIITable.csproj", "{20460825-17E0-4B64-B9E4-F692EB2528BB}"
EndProject
Global
	GlobalSection(SolutionConfigurationPlatforms) = preSolution
		Debug|Any CPU = Debug|Any CPU
		Release|Any CPU = Release|Any CPU
	EndGlobalSection
	GlobalSection(ProjectConfigurationPlatforms) = postSolution
		{6388F9EB-214F-4473-BBCE-D17FF5699B40}.Debug|Any CPU.ActiveCfg = Debug|Any CPU
		{6388F9EB-214F-4473-BBCE-D17FF5699B40}.Debug|Any CPU.Build.0 = Debug|Any CPU
		{6388F9EB-214F-4473-BBCE-D17FF5699B40}.Release|Any CPU.ActiveCfg = Release|Any CPU
		{6388F9EB-214F-4473-BBCE-D17FF5699B40}.Release|Any CPU.Build.0 = Release|Any CPU
		{2B745AA8-8E61-44BD-99EA-20AB5CE468E4}.Debug|Any CPU.ActiveCfg = Debug|Any CPU
		{2B745AA8-8E61-44BD-99EA-20AB5CE468E4}.Debug|Any CPU.Build.0 = Debug|Any CPU
		{2B745AA8-8E61-44BD-99EA-20AB5CE468E4}.Release|Any CPU.ActiveCfg = Release|Any CPU
		{2B745AA8-8E61-44BD-99EA-20AB5CE468E4}.Release|Any CPU.Build.0 = Release|Any CPU
		{20460825-17E0-4B64-B9E4-F692EB2528BB}.Debug|Any CPU.ActiveCfg = Debug|Any CPU
		{20460825-17E0-4B64-B9E4-F692EB2528BB}.Debug|Any CPU.Build.0 = Debug|Any CPU
		{20460825-17E0-4B64-B9E4-F692EB2528BB}.Release|Any CPU.ActiveCfg = Release|Any CPU
		{20460825-17E0-4B64-B9E4-F692EB2528BB}.Release|Any CPU.Build.0 = Release|Any CPU
	EndGlobalSection
	GlobalSection(SolutionProperties) = preSolution
		HideSolutionNode = FALSE
	EndGlobalSection
EndGlobal
