
Microsoft Visual Studio Solution File, Format Version 12.00
# Visual Studio 14
VisualStudioVersion = 14.0.25420.1
MinimumVisualStudioVersion = 10.0.40219.1
Project("{FAE04EC0-301F-11D3-BF4B-00C04F79EFBC}") = "1. NorthWind", "NorthWind\1. NorthWind.csproj", "{B4ED3BD3-6047-441F-8236-46F13ED3FFA6}"
EndProject
Project("{FAE04EC0-301F-11D3-BF4B-00C04F79EFBC}") = "2. CrudOperations", "CrudOperations\2. CrudOperations.csproj", "{87BACFD3-FCAC-431D-9ABB-4BD4BDDFC5B6}"
EndProject
Project("{FAE04EC0-301F-11D3-BF4B-00C04F79EFBC}") = "3. NWCopy", "NWCopy\3. NWCopy.csproj", "{6F7DFF4F-0316-4A15-A1A8-FB88C5E0D51C}"
EndProject
Project("{FAE04EC0-301F-11D3-BF4B-00C04F79EFBC}") = "4. EntityConcurrency", "EntityConcurrency\4. EntityConcurrency.csproj", "{0ED46D3F-F376-4049-ADEC-4C2CD1B2C2DE}"
EndProject
Global
	GlobalSection(SolutionConfigurationPlatforms) = preSolution
		Debug|Any CPU = Debug|Any CPU
		Release|Any CPU = Release|Any CPU
	EndGlobalSection
	GlobalSection(ProjectConfigurationPlatforms) = postSolution
		{B4ED3BD3-6047-441F-8236-46F13ED3FFA6}.Debug|Any CPU.ActiveCfg = Debug|Any CPU
		{B4ED3BD3-6047-441F-8236-46F13ED3FFA6}.Debug|Any CPU.Build.0 = Debug|Any CPU
		{B4ED3BD3-6047-441F-8236-46F13ED3FFA6}.Release|Any CPU.ActiveCfg = Release|Any CPU
		{B4ED3BD3-6047-441F-8236-46F13ED3FFA6}.Release|Any CPU.Build.0 = Release|Any CPU
		{87BACFD3-FCAC-431D-9ABB-4BD4BDDFC5B6}.Debug|Any CPU.ActiveCfg = Debug|Any CPU
		{87BACFD3-FCAC-431D-9ABB-4BD4BDDFC5B6}.Debug|Any CPU.Build.0 = Debug|Any CPU
		{87BACFD3-FCAC-431D-9ABB-4BD4BDDFC5B6}.Release|Any CPU.ActiveCfg = Release|Any CPU
		{87BACFD3-FCAC-431D-9ABB-4BD4BDDFC5B6}.Release|Any CPU.Build.0 = Release|Any CPU
		{6F7DFF4F-0316-4A15-A1A8-FB88C5E0D51C}.Debug|Any CPU.ActiveCfg = Debug|Any CPU
		{6F7DFF4F-0316-4A15-A1A8-FB88C5E0D51C}.Debug|Any CPU.Build.0 = Debug|Any CPU
		{6F7DFF4F-0316-4A15-A1A8-FB88C5E0D51C}.Release|Any CPU.ActiveCfg = Release|Any CPU
		{6F7DFF4F-0316-4A15-A1A8-FB88C5E0D51C}.Release|Any CPU.Build.0 = Release|Any CPU
		{0ED46D3F-F376-4049-ADEC-4C2CD1B2C2DE}.Debug|Any CPU.ActiveCfg = Debug|Any CPU
		{0ED46D3F-F376-4049-ADEC-4C2CD1B2C2DE}.Debug|Any CPU.Build.0 = Debug|Any CPU
		{0ED46D3F-F376-4049-ADEC-4C2CD1B2C2DE}.Release|Any CPU.ActiveCfg = Release|Any CPU
		{0ED46D3F-F376-4049-ADEC-4C2CD1B2C2DE}.Release|Any CPU.Build.0 = Release|Any CPU
	EndGlobalSection
	GlobalSection(SolutionProperties) = preSolution
		HideSolutionNode = FALSE
	EndGlobalSection
EndGlobal
