
Microsoft Visual Studio Solution File, Format Version 12.00
# Visual Studio 14
VisualStudioVersion = 14.0.25420.1
MinimumVisualStudioVersion = 10.0.40219.1
Project("{FAE04EC0-301F-11D3-BF4B-00C04F79EFBC}") = "StudentsAndCourses", "StudentsAndCourses\StudentsAndCourses.csproj", "{C1F2D0E8-3CAB-411C-9742-5BBB108BA3A1}"
EndProject
Project("{FAE04EC0-301F-11D3-BF4B-00C04F79EFBC}") = "StudentsAndCourses.Test", "StudentsAndCourses.Test\StudentsAndCourses.Test.csproj", "{7E5DF732-AAD9-4002-BD24-42F8075B6E57}"
EndProject
Global
	GlobalSection(SolutionConfigurationPlatforms) = preSolution
		Debug|Any CPU = Debug|Any CPU
		Release|Any CPU = Release|Any CPU
	EndGlobalSection
	GlobalSection(ProjectConfigurationPlatforms) = postSolution
		{C1F2D0E8-3CAB-411C-9742-5BBB108BA3A1}.Debug|Any CPU.ActiveCfg = Debug|Any CPU
		{C1F2D0E8-3CAB-411C-9742-5BBB108BA3A1}.Debug|Any CPU.Build.0 = Debug|Any CPU
		{C1F2D0E8-3CAB-411C-9742-5BBB108BA3A1}.Release|Any CPU.ActiveCfg = Release|Any CPU
		{C1F2D0E8-3CAB-411C-9742-5BBB108BA3A1}.Release|Any CPU.Build.0 = Release|Any CPU
		{7E5DF732-AAD9-4002-BD24-42F8075B6E57}.Debug|Any CPU.ActiveCfg = Debug|Any CPU
		{7E5DF732-AAD9-4002-BD24-42F8075B6E57}.Debug|Any CPU.Build.0 = Debug|Any CPU
		{7E5DF732-AAD9-4002-BD24-42F8075B6E57}.Release|Any CPU.ActiveCfg = Release|Any CPU
		{7E5DF732-AAD9-4002-BD24-42F8075B6E57}.Release|Any CPU.Build.0 = Release|Any CPU
	EndGlobalSection
	GlobalSection(SolutionProperties) = preSolution
		HideSolutionNode = FALSE
	EndGlobalSection
EndGlobal
